
Microsoft Visual Studio Solution File, Format Version 12.00
# Visual Studio 2012
VisualStudioVersion = 12.0.30501.0
MinimumVisualStudioVersion = 10.0.40219.1
Project("{FAE04EC0-301F-11D3-BF4B-00C04F79EFBC}") = "VdsEngine", "VdsEngine\VdsEngine.csproj", "{7EA957B3-B8CB-4944-BEAF-F3D634B8F53B}"
EndProject
Project("{FAE04EC0-301F-11D3-BF4B-00C04F79EFBC}") = "CSharpAssembly", "CSharpAssembly\CSharpAssembly.csproj", "{397E2395-18A2-4A1E-90C5-6B8E2718FBF2}"
EndProject
Global
	GlobalSection(SolutionConfigurationPlatforms) = preSolution
		Debug|Any CPU = Debug|Any CPU
		Release|Any CPU = Release|Any CPU
	EndGlobalSection
	GlobalSection(ProjectConfigurationPlatforms) = postSolution
		{397E2395-18A2-4A1E-90C5-6B8E2718FBF2}.Debug|Any CPU.ActiveCfg = Debug|Any CPU
		{397E2395-18A2-4A1E-90C5-6B8E2718FBF2}.Debug|Any CPU.Build.0 = Debug|Any CPU
		{397E2395-18A2-4A1E-90C5-6B8E2718FBF2}.Release|Any CPU.ActiveCfg = Release|Any CPU
		{397E2395-18A2-4A1E-90C5-6B8E2718FBF2}.Release|Any CPU.Build.0 = Release|Any CPU
		{7EA957B3-B8CB-4944-BEAF-F3D634B8F53B}.Debug|Any CPU.ActiveCfg = Debug|Any CPU
		{7EA957B3-B8CB-4944-BEAF-F3D634B8F53B}.Debug|Any CPU.Build.0 = Debug|Any CPU
		{7EA957B3-B8CB-4944-BEAF-F3D634B8F53B}.Release|Any CPU.ActiveCfg = Release|Any CPU
		{7EA957B3-B8CB-4944-BEAF-F3D634B8F53B}.Release|Any CPU.Build.0 = Release|Any CPU
	EndGlobalSection
	GlobalSection(SolutionProperties) = preSolution
		HideSolutionNode = FALSE
	EndGlobalSection
EndGlobal
